
Microsoft Visual Studio Solution File, Format Version 12.00
# Visual Studio 15
Project("{FAE04EC0-301F-11D3-BF4B-00C04F79EFBC}") = "Unity.XR.Interaction.Toolkit.Samples.StarterAssets", "Unity.XR.Interaction.Toolkit.Samples.StarterAssets.csproj", "{34DEE33E-4832-E548-0FFD-8016D1AAE189}"
EndProject
Project("{FAE04EC0-301F-11D3-BF4B-00C04F79EFBC}") = "Unity.XR.Interaction.Toolkit.Samples.DeviceSimulator", "Unity.XR.Interaction.Toolkit.Samples.DeviceSimulator.csproj", "{67316366-C837-8F8D-63FF-52DAFA158DAD}"
EndProject
Project("{FAE04EC0-301F-11D3-BF4B-00C04F79EFBC}") = "Unity.XR.Interaction.Toolkit.Samples.StarterAssets.Editor", "Unity.XR.Interaction.Toolkit.Samples.StarterAssets.Editor.csproj", "{325CA7BB-EB97-F7EA-AA06-3F39D9F0342D}"
EndProject
Global
	GlobalSection(SolutionConfigurationPlatforms) = preSolution
		Debug|Any CPU = Debug|Any CPU
		Release|Any CPU = Release|Any CPU
	EndGlobalSection
	GlobalSection(ProjectConfigurationPlatforms) = postSolution
		{34DEE33E-4832-E548-0FFD-8016D1AAE189}.Debug|Any CPU.ActiveCfg = Debug|Any CPU
		{34DEE33E-4832-E548-0FFD-8016D1AAE189}.Debug|Any CPU.Build.0 = Debug|Any CPU
		{34DEE33E-4832-E548-0FFD-8016D1AAE189}.Release|Any CPU.ActiveCfg = Release|Any CPU
		{34DEE33E-4832-E548-0FFD-8016D1AAE189}.Release|Any CPU.Build.0 = Release|Any CPU
		{67316366-C837-8F8D-63FF-52DAFA158DAD}.Debug|Any CPU.ActiveCfg = Debug|Any CPU
		{67316366-C837-8F8D-63FF-52DAFA158DAD}.Debug|Any CPU.Build.0 = Debug|Any CPU
		{67316366-C837-8F8D-63FF-52DAFA158DAD}.Release|Any CPU.ActiveCfg = Release|Any CPU
		{67316366-C837-8F8D-63FF-52DAFA158DAD}.Release|Any CPU.Build.0 = Release|Any CPU
		{325CA7BB-EB97-F7EA-AA06-3F39D9F0342D}.Debug|Any CPU.ActiveCfg = Debug|Any CPU
		{325CA7BB-EB97-F7EA-AA06-3F39D9F0342D}.Debug|Any CPU.Build.0 = Debug|Any CPU
		{325CA7BB-EB97-F7EA-AA06-3F39D9F0342D}.Release|Any CPU.ActiveCfg = Release|Any CPU
		{325CA7BB-EB97-F7EA-AA06-3F39D9F0342D}.Release|Any CPU.Build.0 = Release|Any CPU
	EndGlobalSection
	GlobalSection(SolutionProperties) = preSolution
		HideSolutionNode = FALSE
	EndGlobalSection
EndGlobal
